
Microsoft Visual Studio Solution File, Format Version 12.00
# Visual Studio Version 17
VisualStudioVersion = 17.1.32319.34
MinimumVisualStudioVersion = 10.0.40219.1
Project("{9A19103F-16F7-4668-BE54-9A1E7A4F7556}") = "APIGateway", "APIGateway\APIGateway.csproj", "{F801BCB6-1EAE-4731-8C1B-09F1E2565725}"
EndProject
Project("{2150E333-8FDC-42A3-9474-1A3956D46DE8}") = "Services", "Services", "{F622F1A5-A828-4B1B-BEC6-5BB9CBB0F171}"
EndProject
Project("{9A19103F-16F7-4668-BE54-9A1E7A4F7556}") = "Contact.API", "Services\ContactAPI\Contact.API\Contact.API.csproj", "{B3BDA9BF-6EDC-45E1-BD08-AB4679045F56}"
EndProject
Project("{9A19103F-16F7-4668-BE54-9A1E7A4F7556}") = "Reservation.API", "Services\ResAPI\Reservation.API\Reservation.API.csproj", "{026B862C-2A96-4349-A3FD-90DB17B3A0B0}"
EndProject
Project("{2150E333-8FDC-42A3-9474-1A3956D46DE8}") = "ContactAPI", "ContactAPI", "{34DD0B15-976F-4820-A147-9C9FCEFDE3B9}"
EndProject
Project("{2150E333-8FDC-42A3-9474-1A3956D46DE8}") = "ReservationAPI", "ReservationAPI", "{0C05DFF9-B4ED-41E5-8D01-0C99F5A55354}"
EndProject
Project("{9A19103F-16F7-4668-BE54-9A1E7A4F7556}") = "Contact.API.Infrastructure", "Services\ContactAPI\Contact.API.Infrastructure\Contact.API.Infrastructure.csproj", "{9C47FA0C-16EA-404B-9530-EAB893250744}"
EndProject
Project("{9A19103F-16F7-4668-BE54-9A1E7A4F7556}") = "Contact.API.Models", "Services\ContactAPI\Contact.API.Models\Contact.API.Models.csproj", "{FD0900F9-6712-4C61-9903-08F58440581F}"
EndProject
Project("{9A19103F-16F7-4668-BE54-9A1E7A4F7556}") = "Contact.API.Services", "Services\ContactAPI\Contact.API.Services\Contact.API.Services.csproj", "{4AA321A9-61FB-48FE-A633-F1D7DC6193FB}"
EndProject
Project("{9A19103F-16F7-4668-BE54-9A1E7A4F7556}") = "Reservation.API.Infrastructure", "Services\ResAPI\Reservation.API.Infrastructure\Reservation.API.Infrastructure.csproj", "{CD213628-BD29-474D-ADDE-1931C4AB305A}"
EndProject
Project("{9A19103F-16F7-4668-BE54-9A1E7A4F7556}") = "Reservation.API.Models", "Services\ResAPI\Reservation.API.Models\Reservation.API.Models.csproj", "{B639F37A-17D1-4EC7-8FFA-7C44F57773F2}"
EndProject
Project("{9A19103F-16F7-4668-BE54-9A1E7A4F7556}") = "Reservation.API.Services", "Services\ResAPI\Reservation.API.Services\Reservation.API.Services.csproj", "{CA3DE16C-3B53-435B-8B3B-473AAC3B895F}"
EndProject
Global
	GlobalSection(SolutionConfigurationPlatforms) = preSolution
		Debug|Any CPU = Debug|Any CPU
		Release|Any CPU = Release|Any CPU
	EndGlobalSection
	GlobalSection(ProjectConfigurationPlatforms) = postSolution
		{F801BCB6-1EAE-4731-8C1B-09F1E2565725}.Debug|Any CPU.ActiveCfg = Debug|Any CPU
		{F801BCB6-1EAE-4731-8C1B-09F1E2565725}.Debug|Any CPU.Build.0 = Debug|Any CPU
		{F801BCB6-1EAE-4731-8C1B-09F1E2565725}.Release|Any CPU.ActiveCfg = Release|Any CPU
		{F801BCB6-1EAE-4731-8C1B-09F1E2565725}.Release|Any CPU.Build.0 = Release|Any CPU
		{B3BDA9BF-6EDC-45E1-BD08-AB4679045F56}.Debug|Any CPU.ActiveCfg = Debug|Any CPU
		{B3BDA9BF-6EDC-45E1-BD08-AB4679045F56}.Debug|Any CPU.Build.0 = Debug|Any CPU
		{B3BDA9BF-6EDC-45E1-BD08-AB4679045F56}.Release|Any CPU.ActiveCfg = Release|Any CPU
		{B3BDA9BF-6EDC-45E1-BD08-AB4679045F56}.Release|Any CPU.Build.0 = Release|Any CPU
		{026B862C-2A96-4349-A3FD-90DB17B3A0B0}.Debug|Any CPU.ActiveCfg = Debug|Any CPU
		{026B862C-2A96-4349-A3FD-90DB17B3A0B0}.Debug|Any CPU.Build.0 = Debug|Any CPU
		{026B862C-2A96-4349-A3FD-90DB17B3A0B0}.Release|Any CPU.ActiveCfg = Release|Any CPU
		{026B862C-2A96-4349-A3FD-90DB17B3A0B0}.Release|Any CPU.Build.0 = Release|Any CPU
		{9C47FA0C-16EA-404B-9530-EAB893250744}.Debug|Any CPU.ActiveCfg = Debug|Any CPU
		{9C47FA0C-16EA-404B-9530-EAB893250744}.Debug|Any CPU.Build.0 = Debug|Any CPU
		{9C47FA0C-16EA-404B-9530-EAB893250744}.Release|Any CPU.ActiveCfg = Release|Any CPU
		{9C47FA0C-16EA-404B-9530-EAB893250744}.Release|Any CPU.Build.0 = Release|Any CPU
		{FD0900F9-6712-4C61-9903-08F58440581F}.Debug|Any CPU.ActiveCfg = Debug|Any CPU
		{FD0900F9-6712-4C61-9903-08F58440581F}.Debug|Any CPU.Build.0 = Debug|Any CPU
		{FD0900F9-6712-4C61-9903-08F58440581F}.Release|Any CPU.ActiveCfg = Release|Any CPU
		{FD0900F9-6712-4C61-9903-08F58440581F}.Release|Any CPU.Build.0 = Release|Any CPU
		{4AA321A9-61FB-48FE-A633-F1D7DC6193FB}.Debug|Any CPU.ActiveCfg = Debug|Any CPU
		{4AA321A9-61FB-48FE-A633-F1D7DC6193FB}.Debug|Any CPU.Build.0 = Debug|Any CPU
		{4AA321A9-61FB-48FE-A633-F1D7DC6193FB}.Release|Any CPU.ActiveCfg = Release|Any CPU
		{4AA321A9-61FB-48FE-A633-F1D7DC6193FB}.Release|Any CPU.Build.0 = Release|Any CPU
		{CD213628-BD29-474D-ADDE-1931C4AB305A}.Debug|Any CPU.ActiveCfg = Debug|Any CPU
		{CD213628-BD29-474D-ADDE-1931C4AB305A}.Debug|Any CPU.Build.0 = Debug|Any CPU
		{CD213628-BD29-474D-ADDE-1931C4AB305A}.Release|Any CPU.ActiveCfg = Release|Any CPU
		{CD213628-BD29-474D-ADDE-1931C4AB305A}.Release|Any CPU.Build.0 = Release|Any CPU
		{B639F37A-17D1-4EC7-8FFA-7C44F57773F2}.Debug|Any CPU.ActiveCfg = Debug|Any CPU
		{B639F37A-17D1-4EC7-8FFA-7C44F57773F2}.Debug|Any CPU.Build.0 = Debug|Any CPU
		{B639F37A-17D1-4EC7-8FFA-7C44F57773F2}.Release|Any CPU.ActiveCfg = Release|Any CPU
		{B639F37A-17D1-4EC7-8FFA-7C44F57773F2}.Release|Any CPU.Build.0 = Release|Any CPU
		{CA3DE16C-3B53-435B-8B3B-473AAC3B895F}.Debug|Any CPU.ActiveCfg = Debug|Any CPU
		{CA3DE16C-3B53-435B-8B3B-473AAC3B895F}.Debug|Any CPU.Build.0 = Debug|Any CPU
		{CA3DE16C-3B53-435B-8B3B-473AAC3B895F}.Release|Any CPU.ActiveCfg = Release|Any CPU
		{CA3DE16C-3B53-435B-8B3B-473AAC3B895F}.Release|Any CPU.Build.0 = Release|Any CPU
	EndGlobalSection
	GlobalSection(SolutionProperties) = preSolution
		HideSolutionNode = FALSE
	EndGlobalSection
	GlobalSection(NestedProjects) = preSolution
		{B3BDA9BF-6EDC-45E1-BD08-AB4679045F56} = {34DD0B15-976F-4820-A147-9C9FCEFDE3B9}
		{026B862C-2A96-4349-A3FD-90DB17B3A0B0} = {0C05DFF9-B4ED-41E5-8D01-0C99F5A55354}
		{34DD0B15-976F-4820-A147-9C9FCEFDE3B9} = {F622F1A5-A828-4B1B-BEC6-5BB9CBB0F171}
		{0C05DFF9-B4ED-41E5-8D01-0C99F5A55354} = {F622F1A5-A828-4B1B-BEC6-5BB9CBB0F171}
		{9C47FA0C-16EA-404B-9530-EAB893250744} = {34DD0B15-976F-4820-A147-9C9FCEFDE3B9}
		{FD0900F9-6712-4C61-9903-08F58440581F} = {34DD0B15-976F-4820-A147-9C9FCEFDE3B9}
		{4AA321A9-61FB-48FE-A633-F1D7DC6193FB} = {34DD0B15-976F-4820-A147-9C9FCEFDE3B9}
		{CD213628-BD29-474D-ADDE-1931C4AB305A} = {0C05DFF9-B4ED-41E5-8D01-0C99F5A55354}
		{B639F37A-17D1-4EC7-8FFA-7C44F57773F2} = {0C05DFF9-B4ED-41E5-8D01-0C99F5A55354}
		{CA3DE16C-3B53-435B-8B3B-473AAC3B895F} = {0C05DFF9-B4ED-41E5-8D01-0C99F5A55354}
	EndGlobalSection
	GlobalSection(ExtensibilityGlobals) = postSolution
		SolutionGuid = {4904D93E-CF80-4B8E-9520-659375D4812A}
	EndGlobalSection
EndGlobal
